
Microsoft Visual Studio Solution File, Format Version 12.00
# Visual Studio Version 16
VisualStudioVersion = 16.0.30204.135
MinimumVisualStudioVersion = 10.0.40219.1
Project("{FAE04EC0-301F-11D3-BF4B-00C04F79EFBC}") = "NetflixHelper", "NetflixHelper\NetflixHelper.csproj", "{CFB1A0D3-30C3-4BAB-AE21-47D761049F7A}"
EndProject
Global
	GlobalSection(SolutionConfigurationPlatforms) = preSolution
		Debug|Any CPU = Debug|Any CPU
		Release|Any CPU = Release|Any CPU
	EndGlobalSection
	GlobalSection(ProjectConfigurationPlatforms) = postSolution
		{CFB1A0D3-30C3-4BAB-AE21-47D761049F7A}.Debug|Any CPU.ActiveCfg = Debug|Any CPU
		{CFB1A0D3-30C3-4BAB-AE21-47D761049F7A}.Debug|Any CPU.Build.0 = Debug|Any CPU
		{CFB1A0D3-30C3-4BAB-AE21-47D761049F7A}.Release|Any CPU.ActiveCfg = Release|Any CPU
		{CFB1A0D3-30C3-4BAB-AE21-47D761049F7A}.Release|Any CPU.Build.0 = Release|Any CPU
	EndGlobalSection
	GlobalSection(SolutionProperties) = preSolution
		HideSolutionNode = FALSE
	EndGlobalSection
	GlobalSection(ExtensibilityGlobals) = postSolution
		SolutionGuid = {44413238-D2A5-474A-B8D6-C64DDF9B3925}
	EndGlobalSection
EndGlobal
